
Microsoft Visual Studio Solution File, Format Version 12.00
# Visual Studio Version 16
VisualStudioVersion = 16.0.31205.134
MinimumVisualStudioVersion = 10.0.40219.1
Project("{FAE04EC0-301F-11D3-BF4B-00C04F79EFBC}") = "OLS", "OLS.csproj", "{FE3A82E0-1DC0-49A7-8DAD-047A4D45E662}"
EndProject
Global
	GlobalSection(SolutionConfigurationPlatforms) = preSolution
		Debug|Any CPU = Debug|Any CPU
		Release|Any CPU = Release|Any CPU
	EndGlobalSection
	GlobalSection(ProjectConfigurationPlatforms) = postSolution
		{FE3A82E0-1DC0-49A7-8DAD-047A4D45E662}.Debug|Any CPU.ActiveCfg = Debug|Any CPU
		{FE3A82E0-1DC0-49A7-8DAD-047A4D45E662}.Debug|Any CPU.Build.0 = Debug|Any CPU
		{FE3A82E0-1DC0-49A7-8DAD-047A4D45E662}.Release|Any CPU.ActiveCfg = Release|Any CPU
		{FE3A82E0-1DC0-49A7-8DAD-047A4D45E662}.Release|Any CPU.Build.0 = Release|Any CPU
	EndGlobalSection
	GlobalSection(SolutionProperties) = preSolution
		HideSolutionNode = FALSE
	EndGlobalSection
	GlobalSection(ExtensibilityGlobals) = postSolution
		SolutionGuid = {B8626507-D46B-430E-A6E9-6992B05F34F0}
	EndGlobalSection
EndGlobal
